// !$*UTF8*$!
{
	archiveVersion = 1;
	classes = {
	};
	objectVersion = 48;
	objects = {

/* Begin PBXBuildFile section */
		8F01F945202E26A8002614BB /* CSVDecoderTests.swift in Sources */ = {isa = PBXBuildFile; fileRef = 8F01F944202E26A8002614BB /* CSVDecoderTests.swift */; };
		8F01F946202E2B22002614BB /* APIQuery.swift in Sources */ = {isa = PBXBuildFile; fileRef = 8F39CB31202DEEA500F91C89 /* APIQuery.swift */; };
		8F1DB74D202E0B11002115C8 /* CSVDecoder.swift in Sources */ = {isa = PBXBuildFile; fileRef = 8F1DB74C202E0B11002115C8 /* CSVDecoder.swift */; };
		8F1DB74E202E0B11002115C8 /* CSVDecoder.swift in Sources */ = {isa = PBXBuildFile; fileRef = 8F1DB74C202E0B11002115C8 /* CSVDecoder.swift */; };
		8F242B822031DE48001A9FE2 /* DataSourcePolicyController.swift in Sources */ = {isa = PBXBuildFile; fileRef = 8F242B812031DE48001A9FE2 /* DataSourcePolicyController.swift */; };
		8F242B832031DE48001A9FE2 /* DataSourcePolicyController.swift in Sources */ = {isa = PBXBuildFile; fileRef = 8F242B812031DE48001A9FE2 /* DataSourcePolicyController.swift */; };
		8F242B852031DE67001A9FE2 /* DataSourceDownloader.swift in Sources */ = {isa = PBXBuildFile; fileRef = 8F242B842031DE67001A9FE2 /* DataSourceDownloader.swift */; };
		8F242B862031DE67001A9FE2 /* DataSourceDownloader.swift in Sources */ = {isa = PBXBuildFile; fileRef = 8F242B842031DE67001A9FE2 /* DataSourceDownloader.swift */; };
		8F39CB1A202DB27600F91C89 /* APICredential.swift in Sources */ = {isa = PBXBuildFile; fileRef = 8F39CB19202DB27600F91C89 /* APICredential.swift */; };
		8F39CB1B202DB27600F91C89 /* APICredential.swift in Sources */ = {isa = PBXBuildFile; fileRef = 8F39CB19202DB27600F91C89 /* APICredential.swift */; };
		8F39CB1D202DB4FC00F91C89 /* Credentials.swift in Sources */ = {isa = PBXBuildFile; fileRef = 8F39CB1C202DB4FC00F91C89 /* Credentials.swift */; };
		8F39CB1E202DB4FC00F91C89 /* Credentials.swift in Sources */ = {isa = PBXBuildFile; fileRef = 8F39CB1C202DB4FC00F91C89 /* Credentials.swift */; };
		8F39CB20202DB6B700F91C89 /* APIAuth.swift in Sources */ = {isa = PBXBuildFile; fileRef = 8F39CB1F202DB6B700F91C89 /* APIAuth.swift */; };
		8F39CB21202DB6B700F91C89 /* APIAuth.swift in Sources */ = {isa = PBXBuildFile; fileRef = 8F39CB1F202DB6B700F91C89 /* APIAuth.swift */; };
		8F39CB26202DC29500F91C89 /* APIProtocol.swift in Sources */ = {isa = PBXBuildFile; fileRef = 8F39CB25202DC29500F91C89 /* APIProtocol.swift */; };
		8F39CB27202DC29500F91C89 /* APIProtocol.swift in Sources */ = {isa = PBXBuildFile; fileRef = 8F39CB25202DC29500F91C89 /* APIProtocol.swift */; };
		8F39CB2F202DC8F300F91C89 /* Session.swift in Sources */ = {isa = PBXBuildFile; fileRef = 8F39CB2E202DC8F300F91C89 /* Session.swift */; };
		8F39CB30202DC8F300F91C89 /* Session.swift in Sources */ = {isa = PBXBuildFile; fileRef = 8F39CB2E202DC8F300F91C89 /* Session.swift */; };
		8F39CB32202DEEA500F91C89 /* APIQuery.swift in Sources */ = {isa = PBXBuildFile; fileRef = 8F39CB31202DEEA500F91C89 /* APIQuery.swift */; };
		8F6167E9201DF16C00FA3073 /* AppDelegate.swift in Sources */ = {isa = PBXBuildFile; fileRef = 8F6167E8201DF16C00FA3073 /* AppDelegate.swift */; };
		8F6167EB201DF16C00FA3073 /* SearchViewController.swift in Sources */ = {isa = PBXBuildFile; fileRef = 8F6167EA201DF16C00FA3073 /* SearchViewController.swift */; };
		8F6167EE201DF16C00FA3073 /* Main.storyboard in Resources */ = {isa = PBXBuildFile; fileRef = 8F6167EC201DF16C00FA3073 /* Main.storyboard */; };
		8F6167F0201DF16C00FA3073 /* Assets.xcassets in Resources */ = {isa = PBXBuildFile; fileRef = 8F6167EF201DF16C00FA3073 /* Assets.xcassets */; };
		8F6167F3201DF16C00FA3073 /* LaunchScreen.storyboard in Resources */ = {isa = PBXBuildFile; fileRef = 8F6167F1201DF16C00FA3073 /* LaunchScreen.storyboard */; };
		8F6167FE201DF16C00FA3073 /* KMPKTests.swift in Sources */ = {isa = PBXBuildFile; fileRef = 8F6167FD201DF16C00FA3073 /* KMPKTests.swift */; };
		8F616809201DF1CD00FA3073 /* APIController.swift in Sources */ = {isa = PBXBuildFile; fileRef = 8F616808201DF1CD00FA3073 /* APIController.swift */; };
		8F61680A201DF1CD00FA3073 /* APIController.swift in Sources */ = {isa = PBXBuildFile; fileRef = 8F616808201DF1CD00FA3073 /* APIController.swift */; };
		8F61680C201DF2C400FA3073 /* APIJSONQuery.swift in Sources */ = {isa = PBXBuildFile; fileRef = 8F61680B201DF2C400FA3073 /* APIJSONQuery.swift */; };
		8F61680D201DF2C400FA3073 /* APIJSONQuery.swift in Sources */ = {isa = PBXBuildFile; fileRef = 8F61680B201DF2C400FA3073 /* APIJSONQuery.swift */; };
		8F61680F201DF3F400FA3073 /* APIMethod.swift in Sources */ = {isa = PBXBuildFile; fileRef = 8F61680E201DF3F400FA3073 /* APIMethod.swift */; };
		8F616810201DF3F400FA3073 /* APIMethod.swift in Sources */ = {isa = PBXBuildFile; fileRef = 8F61680E201DF3F400FA3073 /* APIMethod.swift */; };
		8F616812201E068500FA3073 /* APICallback.swift in Sources */ = {isa = PBXBuildFile; fileRef = 8F616811201E068500FA3073 /* APICallback.swift */; };
		8F616813201E068500FA3073 /* APICallback.swift in Sources */ = {isa = PBXBuildFile; fileRef = 8F616811201E068500FA3073 /* APICallback.swift */; };
		8F616815201E114C00FA3073 /* Codables.swift in Sources */ = {isa = PBXBuildFile; fileRef = 8F616814201E114C00FA3073 /* Codables.swift */; };
		8F616816201E114C00FA3073 /* Codables.swift in Sources */ = {isa = PBXBuildFile; fileRef = 8F616814201E114C00FA3073 /* Codables.swift */; };
		8F616818201E267600FA3073 /* APIRouter.swift in Sources */ = {isa = PBXBuildFile; fileRef = 8F616817201E267600FA3073 /* APIRouter.swift */; };
		8F616819201E267600FA3073 /* APIRouter.swift in Sources */ = {isa = PBXBuildFile; fileRef = 8F616817201E267600FA3073 /* APIRouter.swift */; };
		8F61681B201E27CE00FA3073 /* APIConfig.swift in Sources */ = {isa = PBXBuildFile; fileRef = 8F61681A201E27CE00FA3073 /* APIConfig.swift */; };
		8F61681C201E27CE00FA3073 /* APIConfig.swift in Sources */ = {isa = PBXBuildFile; fileRef = 8F61681A201E27CE00FA3073 /* APIConfig.swift */; };
		8F61681E201E54E100FA3073 /* APILog.swift in Sources */ = {isa = PBXBuildFile; fileRef = 8F61681D201E54E100FA3073 /* APILog.swift */; };
		8F61681F201E54E100FA3073 /* APILog.swift in Sources */ = {isa = PBXBuildFile; fileRef = 8F61681D201E54E100FA3073 /* APILog.swift */; };
		8F7C0BA7202608B900CCAD63 /* Queries.swift in Sources */ = {isa = PBXBuildFile; fileRef = 8F7C0BA6202608B900CCAD63 /* Queries.swift */; };
		8F7C0BA8202608B900CCAD63 /* Queries.swift in Sources */ = {isa = PBXBuildFile; fileRef = 8F7C0BA6202608B900CCAD63 /* Queries.swift */; };
		8F7C0BAA20260FBA00CCAD63 /* RawDataCollectionViewCell.swift in Sources */ = {isa = PBXBuildFile; fileRef = 8F7C0BA920260FBA00CCAD63 /* RawDataCollectionViewCell.swift */; };
		8F7C0BAB20260FBA00CCAD63 /* RawDataCollectionViewCell.swift in Sources */ = {isa = PBXBuildFile; fileRef = 8F7C0BA920260FBA00CCAD63 /* RawDataCollectionViewCell.swift */; };
		8F7C0BAD2026112900CCAD63 /* SearchController.swift in Sources */ = {isa = PBXBuildFile; fileRef = 8F7C0BAC2026112900CCAD63 /* SearchController.swift */; };
		8F7C0BAE2026112900CCAD63 /* SearchController.swift in Sources */ = {isa = PBXBuildFile; fileRef = 8F7C0BAC2026112900CCAD63 /* SearchController.swift */; };
		8F7C0BB0202614E700CCAD63 /* ResultsCollectionViewController.swift in Sources */ = {isa = PBXBuildFile; fileRef = 8F7C0BAF202614E700CCAD63 /* ResultsCollectionViewController.swift */; };
		8F7C0BB1202614E700CCAD63 /* ResultsCollectionViewController.swift in Sources */ = {isa = PBXBuildFile; fileRef = 8F7C0BAF202614E700CCAD63 /* ResultsCollectionViewController.swift */; };
		8F7C0BB6202636B000CCAD63 /* DetailsViewController.swift in Sources */ = {isa = PBXBuildFile; fileRef = 8F7C0BB5202636B000CCAD63 /* DetailsViewController.swift */; };
		8F7C0BB7202636B000CCAD63 /* DetailsViewController.swift in Sources */ = {isa = PBXBuildFile; fileRef = 8F7C0BB5202636B000CCAD63 /* DetailsViewController.swift */; };
		8F7C0BB9202637E700CCAD63 /* DetailsCollectionViewController.swift in Sources */ = {isa = PBXBuildFile; fileRef = 8F7C0BB8202637E700CCAD63 /* DetailsCollectionViewController.swift */; };
		8F7C0BBA202637E700CCAD63 /* DetailsCollectionViewController.swift in Sources */ = {isa = PBXBuildFile; fileRef = 8F7C0BB8202637E700CCAD63 /* DetailsCollectionViewController.swift */; };
		8F7C0BBC2026384B00CCAD63 /* StationController.swift in Sources */ = {isa = PBXBuildFile; fileRef = 8F7C0BBB2026384B00CCAD63 /* StationController.swift */; };
		8F7C0BBD2026384B00CCAD63 /* StationController.swift in Sources */ = {isa = PBXBuildFile; fileRef = 8F7C0BBB2026384B00CCAD63 /* StationController.swift */; };
		8FB36357202F8A530031E3E6 /* APICSVQuery.swift in Sources */ = {isa = PBXBuildFile; fileRef = 8FB36356202F8A530031E3E6 /* APICSVQuery.swift */; };
		8FB36358202F8A530031E3E6 /* APICSVQuery.swift in Sources */ = {isa = PBXBuildFile; fileRef = 8FB36356202F8A530031E3E6 /* APICSVQuery.swift */; };
		8FB65B7D2031B22600E9C564 /* StationDataSource.swift in Sources */ = {isa = PBXBuildFile; fileRef = 8FB65B7C2031B22600E9C564 /* StationDataSource.swift */; };
		8FB65B7E2031B22600E9C564 /* StationDataSource.swift in Sources */ = {isa = PBXBuildFile; fileRef = 8FB65B7C2031B22600E9C564 /* StationDataSource.swift */; };
		8FFAC54520275EBA00C3160A /* SearchResultCollectionViewCell.swift in Sources */ = {isa = PBXBuildFile; fileRef = 8FFAC54420275EBA00C3160A /* SearchResultCollectionViewCell.swift */; };
		8FFAC54620275EBA00C3160A /* SearchResultCollectionViewCell.swift in Sources */ = {isa = PBXBuildFile; fileRef = 8FFAC54420275EBA00C3160A /* SearchResultCollectionViewCell.swift */; };
		8FFAC548202790F300C3160A /* DetailsNormalCollectionViewCell.swift in Sources */ = {isa = PBXBuildFile; fileRef = 8FFAC547202790F300C3160A /* DetailsNormalCollectionViewCell.swift */; };
		8FFAC549202790F300C3160A /* DetailsNormalCollectionViewCell.swift in Sources */ = {isa = PBXBuildFile; fileRef = 8FFAC547202790F300C3160A /* DetailsNormalCollectionViewCell.swift */; };
/* End PBXBuildFile section */

/* Begin PBXContainerItemProxy section */
		8F6167FA201DF16C00FA3073 /* PBXContainerItemProxy */ = {
			isa = PBXContainerItemProxy;
			containerPortal = 8F6167DD201DF16C00FA3073 /* Project object */;
			proxyType = 1;
			remoteGlobalIDString = 8F6167E4201DF16C00FA3073;
			remoteInfo = KMPK;
		};
/* End PBXContainerItemProxy section */

/* Begin PBXFileReference section */
		8F01F944202E26A8002614BB /* CSVDecoderTests.swift */ = {isa = PBXFileReference; lastKnownFileType = sourcecode.swift; path = CSVDecoderTests.swift; sourceTree = "<group>"; };
		8F1DB74C202E0B11002115C8 /* CSVDecoder.swift */ = {isa = PBXFileReference; lastKnownFileType = sourcecode.swift; path = CSVDecoder.swift; sourceTree = "<group>"; };
		8F242B812031DE48001A9FE2 /* DataSourcePolicyController.swift */ = {isa = PBXFileReference; lastKnownFileType = sourcecode.swift; path = DataSourcePolicyController.swift; sourceTree = "<group>"; };
		8F242B842031DE67001A9FE2 /* DataSourceDownloader.swift */ = {isa = PBXFileReference; lastKnownFileType = sourcecode.swift; path = DataSourceDownloader.swift; sourceTree = "<group>"; };
		8F39CB19202DB27600F91C89 /* APICredential.swift */ = {isa = PBXFileReference; lastKnownFileType = sourcecode.swift; path = APICredential.swift; sourceTree = "<group>"; };
		8F39CB1C202DB4FC00F91C89 /* Credentials.swift */ = {isa = PBXFileReference; lastKnownFileType = sourcecode.swift; path = Credentials.swift; sourceTree = "<group>"; };
		8F39CB1F202DB6B700F91C89 /* APIAuth.swift */ = {isa = PBXFileReference; lastKnownFileType = sourcecode.swift; path = APIAuth.swift; sourceTree = "<group>"; };
		8F39CB25202DC29500F91C89 /* APIProtocol.swift */ = {isa = PBXFileReference; lastKnownFileType = sourcecode.swift; path = APIProtocol.swift; sourceTree = "<group>"; };
		8F39CB2E202DC8F300F91C89 /* Session.swift */ = {isa = PBXFileReference; lastKnownFileType = sourcecode.swift; path = Session.swift; sourceTree = "<group>"; };
		8F39CB31202DEEA500F91C89 /* APIQuery.swift */ = {isa = PBXFileReference; lastKnownFileType = sourcecode.swift; path = APIQuery.swift; sourceTree = "<group>"; };
		8F6167E5201DF16C00FA3073 /* KMPK.app */ = {isa = PBXFileReference; explicitFileType = wrapper.application; includeInIndex = 0; path = KMPK.app; sourceTree = BUILT_PRODUCTS_DIR; };
		8F6167E8201DF16C00FA3073 /* AppDelegate.swift */ = {isa = PBXFileReference; lastKnownFileType = sourcecode.swift; path = AppDelegate.swift; sourceTree = "<group>"; };
		8F6167EA201DF16C00FA3073 /* SearchViewController.swift */ = {isa = PBXFileReference; lastKnownFileType = sourcecode.swift; path = SearchViewController.swift; sourceTree = "<group>"; };
		8F6167ED201DF16C00FA3073 /* Base */ = {isa = PBXFileReference; lastKnownFileType = file.storyboard; name = Base; path = Base.lproj/Main.storyboard; sourceTree = "<group>"; };
		8F6167EF201DF16C00FA3073 /* Assets.xcassets */ = {isa = PBXFileReference; lastKnownFileType = folder.assetcatalog; path = Assets.xcassets; sourceTree = "<group>"; };
		8F6167F2201DF16C00FA3073 /* Base */ = {isa = PBXFileReference; lastKnownFileType = file.storyboard; name = Base; path = Base.lproj/LaunchScreen.storyboard; sourceTree = "<group>"; };
		8F6167F4201DF16C00FA3073 /* Info.plist */ = {isa = PBXFileReference; lastKnownFileType = text.plist.xml; path = Info.plist; sourceTree = "<group>"; };
		8F6167F9201DF16C00FA3073 /* KMPKTests.xctest */ = {isa = PBXFileReference; explicitFileType = wrapper.cfbundle; includeInIndex = 0; path = KMPKTests.xctest; sourceTree = BUILT_PRODUCTS_DIR; };
		8F6167FD201DF16C00FA3073 /* KMPKTests.swift */ = {isa = PBXFileReference; lastKnownFileType = sourcecode.swift; path = KMPKTests.swift; sourceTree = "<group>"; };
		8F6167FF201DF16C00FA3073 /* Info.plist */ = {isa = PBXFileReference; lastKnownFileType = text.plist.xml; path = Info.plist; sourceTree = "<group>"; };
		8F616808201DF1CD00FA3073 /* APIController.swift */ = {isa = PBXFileReference; lastKnownFileType = sourcecode.swift; path = APIController.swift; sourceTree = "<group>"; };
		8F61680B201DF2C400FA3073 /* APIJSONQuery.swift */ = {isa = PBXFileReference; lastKnownFileType = sourcecode.swift; path = APIJSONQuery.swift; sourceTree = "<group>"; };
		8F61680E201DF3F400FA3073 /* APIMethod.swift */ = {isa = PBXFileReference; lastKnownFileType = sourcecode.swift; path = APIMethod.swift; sourceTree = "<group>"; };
		8F616811201E068500FA3073 /* APICallback.swift */ = {isa = PBXFileReference; lastKnownFileType = sourcecode.swift; path = APICallback.swift; sourceTree = "<group>"; };
		8F616814201E114C00FA3073 /* Codables.swift */ = {isa = PBXFileReference; lastKnownFileType = sourcecode.swift; path = Codables.swift; sourceTree = "<group>"; };
		8F616817201E267600FA3073 /* APIRouter.swift */ = {isa = PBXFileReference; lastKnownFileType = sourcecode.swift; path = APIRouter.swift; sourceTree = "<group>"; };
		8F61681A201E27CE00FA3073 /* APIConfig.swift */ = {isa = PBXFileReference; lastKnownFileType = sourcecode.swift; path = APIConfig.swift; sourceTree = "<group>"; };
		8F61681D201E54E100FA3073 /* APILog.swift */ = {isa = PBXFileReference; lastKnownFileType = sourcecode.swift; path = APILog.swift; sourceTree = "<group>"; };
		8F7C0BA6202608B900CCAD63 /* Queries.swift */ = {isa = PBXFileReference; lastKnownFileType = sourcecode.swift; path = Queries.swift; sourceTree = "<group>"; };
		8F7C0BA920260FBA00CCAD63 /* RawDataCollectionViewCell.swift */ = {isa = PBXFileReference; lastKnownFileType = sourcecode.swift; path = RawDataCollectionViewCell.swift; sourceTree = "<group>"; };
		8F7C0BAC2026112900CCAD63 /* SearchController.swift */ = {isa = PBXFileReference; lastKnownFileType = sourcecode.swift; path = SearchController.swift; sourceTree = "<group>"; };
		8F7C0BAF202614E700CCAD63 /* ResultsCollectionViewController.swift */ = {isa = PBXFileReference; lastKnownFileType = sourcecode.swift; path = ResultsCollectionViewController.swift; sourceTree = "<group>"; };
		8F7C0BB5202636B000CCAD63 /* DetailsViewController.swift */ = {isa = PBXFileReference; lastKnownFileType = sourcecode.swift; path = DetailsViewController.swift; sourceTree = "<group>"; };
		8F7C0BB8202637E700CCAD63 /* DetailsCollectionViewController.swift */ = {isa = PBXFileReference; lastKnownFileType = sourcecode.swift; path = DetailsCollectionViewController.swift; sourceTree = "<group>"; };
		8F7C0BBB2026384B00CCAD63 /* StationController.swift */ = {isa = PBXFileReference; lastKnownFileType = sourcecode.swift; path = StationController.swift; sourceTree = "<group>"; };
		8FB36356202F8A530031E3E6 /* APICSVQuery.swift */ = {isa = PBXFileReference; lastKnownFileType = sourcecode.swift; path = APICSVQuery.swift; sourceTree = "<group>"; };
		8FB65B7C2031B22600E9C564 /* StationDataSource.swift */ = {isa = PBXFileReference; lastKnownFileType = sourcecode.swift; path = StationDataSource.swift; sourceTree = "<group>"; };
		8FFAC54420275EBA00C3160A /* SearchResultCollectionViewCell.swift */ = {isa = PBXFileReference; lastKnownFileType = sourcecode.swift; path = SearchResultCollectionViewCell.swift; sourceTree = "<group>"; };
		8FFAC547202790F300C3160A /* DetailsNormalCollectionViewCell.swift */ = {isa = PBXFileReference; lastKnownFileType = sourcecode.swift; path = DetailsNormalCollectionViewCell.swift; sourceTree = "<group>"; };
/* End PBXFileReference section */

/* Begin PBXFrameworksBuildPhase section */
		8F6167E2201DF16C00FA3073 /* Frameworks */ = {
			isa = PBXFrameworksBuildPhase;
			buildActionMask = 2147483647;
			files = (
			);
			runOnlyForDeploymentPostprocessing = 0;
		};
		8F6167F6201DF16C00FA3073 /* Frameworks */ = {
			isa = PBXFrameworksBuildPhase;
			buildActionMask = 2147483647;
			files = (
			);
			runOnlyForDeploymentPostprocessing = 0;
		};
/* End PBXFrameworksBuildPhase section */

/* Begin PBXGroup section */
		8F6167DC201DF16C00FA3073 = {
			isa = PBXGroup;
			children = (
				8F6167E7201DF16C00FA3073 /* KMPK */,
				8F6167FC201DF16C00FA3073 /* KMPKTests */,
				8F6167E6201DF16C00FA3073 /* Products */,
			);
			sourceTree = "<group>";
		};
		8F6167E6201DF16C00FA3073 /* Products */ = {
			isa = PBXGroup;
			children = (
				8F6167E5201DF16C00FA3073 /* KMPK.app */,
				8F6167F9201DF16C00FA3073 /* KMPKTests.xctest */,
			);
			name = Products;
			sourceTree = "<group>";
		};
		8F6167E7201DF16C00FA3073 /* KMPK */ = {
			isa = PBXGroup;
			children = (
				8F6167E8201DF16C00FA3073 /* AppDelegate.swift */,
				8F39CB2E202DC8F300F91C89 /* Session.swift */,
				8FFAC5422027495700C3160A /* View Controllers */,
				8F7C0BAC2026112900CCAD63 /* SearchController.swift */,
				8F7C0BBB2026384B00CCAD63 /* StationController.swift */,
				8F7C0BAF202614E700CCAD63 /* ResultsCollectionViewController.swift */,
				8F7C0BB8202637E700CCAD63 /* DetailsCollectionViewController.swift */,
				8FB65B7F2031B22A00E9C564 /* Data Sources */,
				8FFAC54320275E8A00C3160A /* Collection Cells */,
				8F6167EC201DF16C00FA3073 /* Main.storyboard */,
				8F6167F1201DF16C00FA3073 /* LaunchScreen.storyboard */,
				8F6167EF201DF16C00FA3073 /* Assets.xcassets */,
				8F6167F4201DF16C00FA3073 /* Info.plist */,
				8F7C0BA5202608A000CCAD63 /* API */,
				8F1DB74C202E0B11002115C8 /* CSVDecoder.swift */,
				8F616814201E114C00FA3073 /* Codables.swift */,
				8F7C0BA6202608B900CCAD63 /* Queries.swift */,
			);
			path = KMPK;
			sourceTree = "<group>";
		};
		8F6167FC201DF16C00FA3073 /* KMPKTests */ = {
			isa = PBXGroup;
			children = (
				8F6167FD201DF16C00FA3073 /* KMPKTests.swift */,
				8F01F944202E26A8002614BB /* CSVDecoderTests.swift */,
				8F6167FF201DF16C00FA3073 /* Info.plist */,
			);
			path = KMPKTests;
			sourceTree = "<group>";
		};
		8F7C0BA5202608A000CCAD63 /* API */ = {
			isa = PBXGroup;
			children = (
				8F39CB1F202DB6B700F91C89 /* APIAuth.swift */,
				8F616811201E068500FA3073 /* APICallback.swift */,
				8F61681A201E27CE00FA3073 /* APIConfig.swift */,
				8F616808201DF1CD00FA3073 /* APIController.swift */,
				8F39CB19202DB27600F91C89 /* APICredential.swift */,
				8FB36356202F8A530031E3E6 /* APICSVQuery.swift */,
				8F61680B201DF2C400FA3073 /* APIJSONQuery.swift */,
				8F61681D201E54E100FA3073 /* APILog.swift */,
				8F61680E201DF3F400FA3073 /* APIMethod.swift */,
				8F39CB25202DC29500F91C89 /* APIProtocol.swift */,
				8F39CB31202DEEA500F91C89 /* APIQuery.swift */,
				8F616817201E267600FA3073 /* APIRouter.swift */,
				8F39CB1C202DB4FC00F91C89 /* Credentials.swift */,
			);
			path = API;
			sourceTree = "<group>";
		};
		8FB65B7F2031B22A00E9C564 /* Data Sources */ = {
			isa = PBXGroup;
			children = (
				8FB65B7C2031B22600E9C564 /* StationDataSource.swift */,
				8F242B812031DE48001A9FE2 /* DataSourcePolicyController.swift */,
				8F242B842031DE67001A9FE2 /* DataSourceDownloader.swift */,
			);
			path = "Data Sources";
			sourceTree = "<group>";
		};
		8FFAC5422027495700C3160A /* View Controllers */ = {
			isa = PBXGroup;
			children = (
				8F6167EA201DF16C00FA3073 /* SearchViewController.swift */,
				8F7C0BB5202636B000CCAD63 /* DetailsViewController.swift */,
			);
			path = "View Controllers";
			sourceTree = "<group>";
		};
		8FFAC54320275E8A00C3160A /* Collection Cells */ = {
			isa = PBXGroup;
			children = (
				8F7C0BA920260FBA00CCAD63 /* RawDataCollectionViewCell.swift */,
				8FFAC54420275EBA00C3160A /* SearchResultCollectionViewCell.swift */,
				8FFAC547202790F300C3160A /* DetailsNormalCollectionViewCell.swift */,
			);
			path = "Collection Cells";
			sourceTree = "<group>";
		};
/* End PBXGroup section */

/* Begin PBXNativeTarget section */
		8F6167E4201DF16C00FA3073 /* KMPK */ = {
			isa = PBXNativeTarget;
			buildConfigurationList = 8F616802201DF16C00FA3073 /* Build configuration list for PBXNativeTarget "KMPK" */;
			buildPhases = (
				8F6167E1201DF16C00FA3073 /* Sources */,
				8F6167E2201DF16C00FA3073 /* Frameworks */,
				8F6167E3201DF16C00FA3073 /* Resources */,
			);
			buildRules = (
			);
			dependencies = (
			);
			name = KMPK;
			productName = KMPK;
			productReference = 8F6167E5201DF16C00FA3073 /* KMPK.app */;
			productType = "com.apple.product-type.application";
		};
		8F6167F8201DF16C00FA3073 /* KMPKTests */ = {
			isa = PBXNativeTarget;
			buildConfigurationList = 8F616805201DF16C00FA3073 /* Build configuration list for PBXNativeTarget "KMPKTests" */;
			buildPhases = (
				8F6167F5201DF16C00FA3073 /* Sources */,
				8F6167F6201DF16C00FA3073 /* Frameworks */,
				8F6167F7201DF16C00FA3073 /* Resources */,
			);
			buildRules = (
			);
			dependencies = (
				8F6167FB201DF16C00FA3073 /* PBXTargetDependency */,
			);
			name = KMPKTests;
			productName = KMPKTests;
			productReference = 8F6167F9201DF16C00FA3073 /* KMPKTests.xctest */;
			productType = "com.apple.product-type.bundle.unit-test";
		};
/* End PBXNativeTarget section */

/* Begin PBXProject section */
		8F6167DD201DF16C00FA3073 /* Project object */ = {
			isa = PBXProject;
			attributes = {
				LastSwiftUpdateCheck = 0920;
				LastUpgradeCheck = 0920;
				ORGANIZATIONNAME = "Karol Bukowski";
				TargetAttributes = {
					8F6167E4201DF16C00FA3073 = {
						CreatedOnToolsVersion = 9.2;
						ProvisioningStyle = Automatic;
					};
					8F6167F8201DF16C00FA3073 = {
						CreatedOnToolsVersion = 9.2;
						ProvisioningStyle = Automatic;
						TestTargetID = 8F6167E4201DF16C00FA3073;
					};
				};
			};
			buildConfigurationList = 8F6167E0201DF16C00FA3073 /* Build configuration list for PBXProject "KMPK" */;
			compatibilityVersion = "Xcode 8.0";
			developmentRegion = en;
			hasScannedForEncodings = 0;
			knownRegions = (
				en,
				Base,
			);
			mainGroup = 8F6167DC201DF16C00FA3073;
			productRefGroup = 8F6167E6201DF16C00FA3073 /* Products */;
			projectDirPath = "";
			projectRoot = "";
			targets = (
				8F6167E4201DF16C00FA3073 /* KMPK */,
				8F6167F8201DF16C00FA3073 /* KMPKTests */,
			);
		};
/* End PBXProject section */

/* Begin PBXResourcesBuildPhase section */
		8F6167E3201DF16C00FA3073 /* Resources */ = {
			isa = PBXResourcesBuildPhase;
			buildActionMask = 2147483647;
			files = (
				8F6167F3201DF16C00FA3073 /* LaunchScreen.storyboard in Resources */,
				8F6167F0201DF16C00FA3073 /* Assets.xcassets in Resources */,
				8F6167EE201DF16C00FA3073 /* Main.storyboard in Resources */,
			);
			runOnlyForDeploymentPostprocessing = 0;
		};
		8F6167F7201DF16C00FA3073 /* Resources */ = {
			isa = PBXResourcesBuildPhase;
			buildActionMask = 2147483647;
			files = (
			);
			runOnlyForDeploymentPostprocessing = 0;
		};
/* End PBXResourcesBuildPhase section */

/* Begin PBXSourcesBuildPhase section */
		8F6167E1201DF16C00FA3073 /* Sources */ = {
			isa = PBXSourcesBuildPhase;
			buildActionMask = 2147483647;
			files = (
				8FB36357202F8A530031E3E6 /* APICSVQuery.swift in Sources */,
				8F616815201E114C00FA3073 /* Codables.swift in Sources */,
				8FFAC548202790F300C3160A /* DetailsNormalCollectionViewCell.swift in Sources */,
				8F39CB32202DEEA500F91C89 /* APIQuery.swift in Sources */,
				8F7C0BB9202637E700CCAD63 /* DetailsCollectionViewController.swift in Sources */,
				8F7C0BAA20260FBA00CCAD63 /* RawDataCollectionViewCell.swift in Sources */,
				8F242B822031DE48001A9FE2 /* DataSourcePolicyController.swift in Sources */,
				8F61681B201E27CE00FA3073 /* APIConfig.swift in Sources */,
				8F7C0BAD2026112900CCAD63 /* SearchController.swift in Sources */,
				8F7C0BA7202608B900CCAD63 /* Queries.swift in Sources */,
				8F61681E201E54E100FA3073 /* APILog.swift in Sources */,
				8FFAC54520275EBA00C3160A /* SearchResultCollectionViewCell.swift in Sources */,
				8F61680C201DF2C400FA3073 /* APIJSONQuery.swift in Sources */,
				8F616818201E267600FA3073 /* APIRouter.swift in Sources */,
				8F7C0BB0202614E700CCAD63 /* ResultsCollectionViewController.swift in Sources */,
				8F39CB1A202DB27600F91C89 /* APICredential.swift in Sources */,
				8F7C0BBC2026384B00CCAD63 /* StationController.swift in Sources */,
				8F242B852031DE67001A9FE2 /* DataSourceDownloader.swift in Sources */,
				8F39CB1D202DB4FC00F91C89 /* Credentials.swift in Sources */,
				8F61680F201DF3F400FA3073 /* APIMethod.swift in Sources */,
				8F6167EB201DF16C00FA3073 /* SearchViewController.swift in Sources */,
				8FB65B7D2031B22600E9C564 /* StationDataSource.swift in Sources */,
				8F6167E9201DF16C00FA3073 /* AppDelegate.swift in Sources */,
				8F616812201E068500FA3073 /* APICallback.swift in Sources */,
				8F1DB74D202E0B11002115C8 /* CSVDecoder.swift in Sources */,
				8F616809201DF1CD00FA3073 /* APIController.swift in Sources */,
				8F39CB2F202DC8F300F91C89 /* Session.swift in Sources */,
				8F7C0BB6202636B000CCAD63 /* DetailsViewController.swift in Sources */,
				8F39CB20202DB6B700F91C89 /* APIAuth.swift in Sources */,
				8F39CB26202DC29500F91C89 /* APIProtocol.swift in Sources */,
			);
			runOnlyForDeploymentPostprocessing = 0;
		};
		8F6167F5201DF16C00FA3073 /* Sources */ = {
			isa = PBXSourcesBuildPhase;
			buildActionMask = 2147483647;
			files = (
				8FB36358202F8A530031E3E6 /* APICSVQuery.swift in Sources */,
				8F7C0BA8202608B900CCAD63 /* Queries.swift in Sources */,
				8F61680A201DF1CD00FA3073 /* APIController.swift in Sources */,
				8F1DB74E202E0B11002115C8 /* CSVDecoder.swift in Sources */,
				8F01F945202E26A8002614BB /* CSVDecoderTests.swift in Sources */,
				8F39CB27202DC29500F91C89 /* APIProtocol.swift in Sources */,
				8F242B832031DE48001A9FE2 /* DataSourcePolicyController.swift in Sources */,
				8F616810201DF3F400FA3073 /* APIMethod.swift in Sources */,
				8F39CB1E202DB4FC00F91C89 /* Credentials.swift in Sources */,
				8F61681F201E54E100FA3073 /* APILog.swift in Sources */,
				8FFAC549202790F300C3160A /* DetailsNormalCollectionViewCell.swift in Sources */,
				8F61680D201DF2C400FA3073 /* APIJSONQuery.swift in Sources */,
				8F6167FE201DF16C00FA3073 /* KMPKTests.swift in Sources */,
				8F7C0BBA202637E700CCAD63 /* DetailsCollectionViewController.swift in Sources */,
				8F39CB21202DB6B700F91C89 /* APIAuth.swift in Sources */,
				8F7C0BB1202614E700CCAD63 /* ResultsCollectionViewController.swift in Sources */,
				8FFAC54620275EBA00C3160A /* SearchResultCollectionViewCell.swift in Sources */,
				8F242B862031DE67001A9FE2 /* DataSourceDownloader.swift in Sources */,
				8F616816201E114C00FA3073 /* Codables.swift in Sources */,
				8F7C0BAE2026112900CCAD63 /* SearchController.swift in Sources */,
				8F01F946202E2B22002614BB /* APIQuery.swift in Sources */,
				8FB65B7E2031B22600E9C564 /* StationDataSource.swift in Sources */,
				8F61681C201E27CE00FA3073 /* APIConfig.swift in Sources */,
				8F616813201E068500FA3073 /* APICallback.swift in Sources */,
				8F39CB1B202DB27600F91C89 /* APICredential.swift in Sources */,
				8F7C0BBD2026384B00CCAD63 /* StationController.swift in Sources */,
				8F39CB30202DC8F300F91C89 /* Session.swift in Sources */,
				8F7C0BB7202636B000CCAD63 /* DetailsViewController.swift in Sources */,
				8F7C0BAB20260FBA00CCAD63 /* RawDataCollectionViewCell.swift in Sources */,
				8F616819201E267600FA3073 /* APIRouter.swift in Sources */,
			);
			runOnlyForDeploymentPostprocessing = 0;
		};
/* End PBXSourcesBuildPhase section */

/* Begin PBXTargetDependency section */
		8F6167FB201DF16C00FA3073 /* PBXTargetDependency */ = {
			isa = PBXTargetDependency;
			target = 8F6167E4201DF16C00FA3073 /* KMPK */;
			targetProxy = 8F6167FA201DF16C00FA3073 /* PBXContainerItemProxy */;
		};
/* End PBXTargetDependency section */

/* Begin PBXVariantGroup section */
		8F6167EC201DF16C00FA3073 /* Main.storyboard */ = {
			isa = PBXVariantGroup;
			children = (
				8F6167ED201DF16C00FA3073 /* Base */,
			);
			name = Main.storyboard;
			sourceTree = "<group>";
		};
		8F6167F1201DF16C00FA3073 /* LaunchScreen.storyboard */ = {
			isa = PBXVariantGroup;
			children = (
				8F6167F2201DF16C00FA3073 /* Base */,
			);
			name = LaunchScreen.storyboard;
			sourceTree = "<group>";
		};
/* End PBXVariantGroup section */

/* Begin XCBuildConfiguration section */
		8F616800201DF16C00FA3073 /* Debug */ = {
			isa = XCBuildConfiguration;
			buildSettings = {
				ALWAYS_SEARCH_USER_PATHS = NO;
				CLANG_ANALYZER_NONNULL = YES;
				CLANG_ANALYZER_NUMBER_OBJECT_CONVERSION = YES_AGGRESSIVE;
				CLANG_CXX_LANGUAGE_STANDARD = "gnu++14";
				CLANG_CXX_LIBRARY = "libc++";
				CLANG_ENABLE_MODULES = YES;
				CLANG_ENABLE_OBJC_ARC = YES;
				CLANG_WARN_BLOCK_CAPTURE_AUTORELEASING = YES;
				CLANG_WARN_BOOL_CONVERSION = YES;
				CLANG_WARN_COMMA = YES;
				CLANG_WARN_CONSTANT_CONVERSION = YES;
				CLANG_WARN_DIRECT_OBJC_ISA_USAGE = YES_ERROR;
				CLANG_WARN_DOCUMENTATION_COMMENTS = YES;
				CLANG_WARN_EMPTY_BODY = YES;
				CLANG_WARN_ENUM_CONVERSION = YES;
				CLANG_WARN_INFINITE_RECURSION = YES;
				CLANG_WARN_INT_CONVERSION = YES;
				CLANG_WARN_NON_LITERAL_NULL_CONVERSION = YES;
				CLANG_WARN_OBJC_LITERAL_CONVERSION = YES;
				CLANG_WARN_OBJC_ROOT_CLASS = YES_ERROR;
				CLANG_WARN_RANGE_LOOP_ANALYSIS = YES;
				CLANG_WARN_STRICT_PROTOTYPES = YES;
				CLANG_WARN_SUSPICIOUS_MOVE = YES;
				CLANG_WARN_UNGUARDED_AVAILABILITY = YES_AGGRESSIVE;
				CLANG_WARN_UNREACHABLE_CODE = YES;
				CLANG_WARN__DUPLICATE_METHOD_MATCH = YES;
				CODE_SIGN_IDENTITY = "iPhone Developer";
				COPY_PHASE_STRIP = NO;
				DEBUG_INFORMATION_FORMAT = dwarf;
				ENABLE_STRICT_OBJC_MSGSEND = YES;
				ENABLE_TESTABILITY = YES;
				GCC_C_LANGUAGE_STANDARD = gnu11;
				GCC_DYNAMIC_NO_PIC = NO;
				GCC_NO_COMMON_BLOCKS = YES;
				GCC_OPTIMIZATION_LEVEL = 0;
				GCC_PREPROCESSOR_DEFINITIONS = (
					"DEBUG=1",
					"$(inherited)",
				);
				GCC_WARN_64_TO_32_BIT_CONVERSION = YES;
				GCC_WARN_ABOUT_RETURN_TYPE = YES_ERROR;
				GCC_WARN_UNDECLARED_SELECTOR = YES;
				GCC_WARN_UNINITIALIZED_AUTOS = YES_AGGRESSIVE;
				GCC_WARN_UNUSED_FUNCTION = YES;
				GCC_WARN_UNUSED_VARIABLE = YES;
				IPHONEOS_DEPLOYMENT_TARGET = 11.2;
				MTL_ENABLE_DEBUG_INFO = YES;
				ONLY_ACTIVE_ARCH = YES;
				SDKROOT = iphoneos;
				SWIFT_ACTIVE_COMPILATION_CONDITIONS = DEBUG;
				SWIFT_OPTIMIZATION_LEVEL = "-Onone";
			};
			name = Debug;
		};
		8F616801201DF16C00FA3073 /* Release */ = {
			isa = XCBuildConfiguration;
			buildSettings = {
				ALWAYS_SEARCH_USER_PATHS = NO;
				CLANG_ANALYZER_NONNULL = YES;
				CLANG_ANALYZER_NUMBER_OBJECT_CONVERSION = YES_AGGRESSIVE;
				CLANG_CXX_LANGUAGE_STANDARD = "gnu++14";
				CLANG_CXX_LIBRARY = "libc++";
				CLANG_ENABLE_MODULES = YES;
				CLANG_ENABLE_OBJC_ARC = YES;
				CLANG_WARN_BLOCK_CAPTURE_AUTORELEASING = YES;
				CLANG_WARN_BOOL_CONVERSION = YES;
				CLANG_WARN_COMMA = YES;
				CLANG_WARN_CONSTANT_CONVERSION = YES;
				CLANG_WARN_DIRECT_OBJC_ISA_USAGE = YES_ERROR;
				CLANG_WARN_DOCUMENTATION_COMMENTS = YES;
				CLANG_WARN_EMPTY_BODY = YES;
				CLANG_WARN_ENUM_CONVERSION = YES;
				CLANG_WARN_INFINITE_RECURSION = YES;
				CLANG_WARN_INT_CONVERSION = YES;
				CLANG_WARN_NON_LITERAL_NULL_CONVERSION = YES;
				CLANG_WARN_OBJC_LITERAL_CONVERSION = YES;
				CLANG_WARN_OBJC_ROOT_CLASS = YES_ERROR;
				CLANG_WARN_RANGE_LOOP_ANALYSIS = YES;
				CLANG_WARN_STRICT_PROTOTYPES = YES;
				CLANG_WARN_SUSPICIOUS_MOVE = YES;
				CLANG_WARN_UNGUARDED_AVAILABILITY = YES_AGGRESSIVE;
				CLANG_WARN_UNREACHABLE_CODE = YES;
				CLANG_WARN__DUPLICATE_METHOD_MATCH = YES;
				CODE_SIGN_IDENTITY = "iPhone Developer";
				COPY_PHASE_STRIP = NO;
				DEBUG_INFORMATION_FORMAT = "dwarf-with-dsym";
				ENABLE_NS_ASSERTIONS = NO;
				ENABLE_STRICT_OBJC_MSGSEND = YES;
				GCC_C_LANGUAGE_STANDARD = gnu11;
				GCC_NO_COMMON_BLOCKS = YES;
				GCC_WARN_64_TO_32_BIT_CONVERSION = YES;
				GCC_WARN_ABOUT_RETURN_TYPE = YES_ERROR;
				GCC_WARN_UNDECLARED_SELECTOR = YES;
				GCC_WARN_UNINITIALIZED_AUTOS = YES_AGGRESSIVE;
				GCC_WARN_UNUSED_FUNCTION = YES;
				GCC_WARN_UNUSED_VARIABLE = YES;
				IPHONEOS_DEPLOYMENT_TARGET = 11.2;
				MTL_ENABLE_DEBUG_INFO = NO;
				SDKROOT = iphoneos;
				SWIFT_OPTIMIZATION_LEVEL = "-Owholemodule";
				VALIDATE_PRODUCT = YES;
			};
			name = Release;
		};
		8F616803201DF16C00FA3073 /* Debug */ = {
			isa = XCBuildConfiguration;
			buildSettings = {
				ASSETCATALOG_COMPILER_APPICON_NAME = AppIcon;
				CODE_SIGN_STYLE = Automatic;
				DEVELOPMENT_TEAM = 8LDP8S6X3P;
				INFOPLIST_FILE = KMPK/Info.plist;
				LD_RUNPATH_SEARCH_PATHS = "$(inherited) @executable_path/Frameworks";
				PRODUCT_BUNDLE_IDENTIFIER = kb.KMPK;
				PRODUCT_NAME = "$(TARGET_NAME)";
				SWIFT_VERSION = 4.0;
				TARGETED_DEVICE_FAMILY = "1,2";
			};
			name = Debug;
		};
		8F616804201DF16C00FA3073 /* Release */ = {
			isa = XCBuildConfiguration;
			buildSettings = {
				ASSETCATALOG_COMPILER_APPICON_NAME = AppIcon;
				CODE_SIGN_STYLE = Automatic;
				DEVELOPMENT_TEAM = 8LDP8S6X3P;
				INFOPLIST_FILE = KMPK/Info.plist;
				LD_RUNPATH_SEARCH_PATHS = "$(inherited) @executable_path/Frameworks";
				PRODUCT_BUNDLE_IDENTIFIER = kb.KMPK;
				PRODUCT_NAME = "$(TARGET_NAME)";
				SWIFT_VERSION = 4.0;
				TARGETED_DEVICE_FAMILY = "1,2";
			};
			name = Release;
		};
		8F616806201DF16C00FA3073 /* Debug */ = {
			isa = XCBuildConfiguration;
			buildSettings = {
				ALWAYS_EMBED_SWIFT_STANDARD_LIBRARIES = YES;
				BUNDLE_LOADER = "$(TEST_HOST)";
				CODE_SIGN_STYLE = Automatic;
				DEVELOPMENT_TEAM = 8LDP8S6X3P;
				INFOPLIST_FILE = KMPKTests/Info.plist;
				LD_RUNPATH_SEARCH_PATHS = "$(inherited) @executable_path/Frameworks @loader_path/Frameworks";
				PRODUCT_BUNDLE_IDENTIFIER = kb.KMPKTests;
				PRODUCT_NAME = "$(TARGET_NAME)";
				SWIFT_VERSION = 4.0;
				TARGETED_DEVICE_FAMILY = "1,2";
				TEST_HOST = "$(BUILT_PRODUCTS_DIR)/KMPK.app/KMPK";
			};
			name = Debug;
		};
		8F616807201DF16C00FA3073 /* Release */ = {
			isa = XCBuildConfiguration;
			buildSettings = {
				ALWAYS_EMBED_SWIFT_STANDARD_LIBRARIES = YES;
				BUNDLE_LOADER = "$(TEST_HOST)";
				CODE_SIGN_STYLE = Automatic;
				DEVELOPMENT_TEAM = 8LDP8S6X3P;
				INFOPLIST_FILE = KMPKTests/Info.plist;
				LD_RUNPATH_SEARCH_PATHS = "$(inherited) @executable_path/Frameworks @loader_path/Frameworks";
				PRODUCT_BUNDLE_IDENTIFIER = kb.KMPKTests;
				PRODUCT_NAME = "$(TARGET_NAME)";
				SWIFT_VERSION = 4.0;
				TARGETED_DEVICE_FAMILY = "1,2";
				TEST_HOST = "$(BUILT_PRODUCTS_DIR)/KMPK.app/KMPK";
			};
			name = Release;
		};
/* End XCBuildConfiguration section */

/* Begin XCConfigurationList section */
		8F6167E0201DF16C00FA3073 /* Build configuration list for PBXProject "KMPK" */ = {
			isa = XCConfigurationList;
			buildConfigurations = (
				8F616800201DF16C00FA3073 /* Debug */,
				8F616801201DF16C00FA3073 /* Release */,
			);
			defaultConfigurationIsVisible = 0;
			defaultConfigurationName = Release;
		};
		8F616802201DF16C00FA3073 /* Build configuration list for PBXNativeTarget "KMPK" */ = {
			isa = XCConfigurationList;
			buildConfigurations = (
				8F616803201DF16C00FA3073 /* Debug */,
				8F616804201DF16C00FA3073 /* Release */,
			);
			defaultConfigurationIsVisible = 0;
			defaultConfigurationName = Release;
		};
		8F616805201DF16C00FA3073 /* Build configuration list for PBXNativeTarget "KMPKTests" */ = {
			isa = XCConfigurationList;
			buildConfigurations = (
				8F616806201DF16C00FA3073 /* Debug */,
				8F616807201DF16C00FA3073 /* Release */,
			);
			defaultConfigurationIsVisible = 0;
			defaultConfigurationName = Release;
		};
/* End XCConfigurationList section */
	};
	rootObject = 8F6167DD201DF16C00FA3073 /* Project object */;
}
